<?xml version="1.0" encoding="utf-8"?>
<Project ToolsVersion="16.0" xmlns="http://schemas.microsoft.com/developer/msbuild/2003">
  <ItemGroup>
    <ClCompile Include="D:\Development\Cpp\TotalSynch\CFSElement.cpp">
      <Filter>Source Files</Filter>
    </ClCompile>
    <ClCompile Include="D:\Development\Cpp\TotalSynch\main.cpp">
      <Filter>Source Files</Filter>
    </ClCompile>
    <ClCompile Include="D:\Development\Cpp\TotalSynch\MD5.cpp">
      <Filter>Source Files</Filter>
    </ClCompile>
    <ClCompile Include="D:\Development\Cpp\TotalSynch\Utils.cpp">
      <Filter>Source Files</Filter>
    </ClCompile>
  </ItemGroup>
  <ItemGroup>
    <ClInclude Include="D:\Development\Cpp\TotalSynch\CFSElement.h">
      <Filter>Header Files</Filter>
    </ClInclude>
    <ClInclude Include="D:\Development\Cpp\TotalSynch\MD5.h">
      <Filter>Header Files</Filter>
    </ClInclude>
    <ClInclude Include="D:\Development\Cpp\TotalSynch\settings.h">
      <Filter>Header Files</Filter>
    </ClInclude>
    <ClInclude Include="D:\Development\Cpp\TotalSynch\Utils.h">
      <Filter>Header Files</Filter>
    </ClInclude>
  </ItemGroup>
  <ItemGroup>
    <CustomBuild Include="D:\Development\Cpp\TotalSynch\CMakeLists.txt" />
  </ItemGroup>
  <ItemGroup>
    <None Include="D:\Development\Cpp\TotalSynch\help.txt" />
  </ItemGroup>
  <ItemGroup>
    <Filter Include="Header Files">
      <UniqueIdentifier>{ABBF4D30-1FBE-3D30-A6DD-F4E7A4C5F2AF}</UniqueIdentifier>
    </Filter>
    <Filter Include="Source Files">
      <UniqueIdentifier>{8B6C4BA0-FBF4-39E2-9329-53D324C5987F}</UniqueIdentifier>
    </Filter>
  </ItemGroup>
</Project>
